# This file is automatically @generated by Cargo.
# It is not intended for manual editing.
[[package]]
name = "algebra"
version = "0.1.0"

[[package]]
name = "js_bridge"
version = "0.1.0"
dependencies = [
 "algebra 0.1.0",
]

[[package]]
name = "main"
version = "0.1.0"
dependencies = [
 "algebra 0.1.0",
 "js_bridge 0.1.0",
]

